{
  "name": "@one-beyond-ai/text-extractor",
  "version": "0.0.1",
  "lockfileVersion": 3,
  "requires": true,
  "packages": {
    "": {
      "name": "@one-beyond-ai/text-extractor",
      "version": "0.0.1",
      "dependencies": {
        "node-mime-types": "^1.1.2",
        "tslib": "^2.3.0"
      }
    },
    "node_modules/node-mime-types": {
      "version": "1.1.2",
      "resolved": "https://registry.npmjs.org/node-mime-types/-/node-mime-types-1.1.2.tgz",
      "integrity": "sha512-kPHoJ/BjafNpe8ft+toVQEGR6x35UaF0tqdihhEt+rMvqqUoA3oJyhIIe15XsgMV7yttTdjbmTY7+LpeFjeOVQ==",
      "engines": {
        "node": ">=8.17.0",
        "npm": ">=6.13.4"
      }
    },
    "node_modules/tslib": {
      "version": "2.6.2",
      "resolved": "https://registry.npmjs.org/tslib/-/tslib-2.6.2.tgz",
      "integrity": "sha512-AEYxH93jGFPn/a2iVAwW87VuUIkR1FVUKB77NwMF7nBTDkDrrT/Hpt/IrCJ0QXhW27jTBDcf5ZY7w6RiqTMw2Q=="
    }
  }
}
